
Microsoft Visual Studio Solution File, Format Version 12.00
# Visual Studio Version 17
VisualStudioVersion = 17.11.35219.272
MinimumVisualStudioVersion = 10.0.40219.1
Project("{8BC9CEB8-8B4A-11D0-8D11-00A0C91BC942}") = "WebServerCpp", "WebServerCpp\WebServerCpp.vcxproj", "{9DCC1AA1-22F4-4028-A6AC-994638D6BE35}"
EndProject
Global
	GlobalSection(SolutionConfigurationPlatforms) = preSolution
		Debug|x64 = Debug|x64
		Debug|x86 = Debug|x86
		Release|x64 = Release|x64
		Release|x86 = Release|x86
	EndGlobalSection
	GlobalSection(ProjectConfigurationPlatforms) = postSolution
		{9DCC1AA1-22F4-4028-A6AC-994638D6BE35}.Debug|x64.ActiveCfg = Debug|x64
		{9DCC1AA1-22F4-4028-A6AC-994638D6BE35}.Debug|x64.Build.0 = Debug|x64
		{9DCC1AA1-22F4-4028-A6AC-994638D6BE35}.Debug|x86.ActiveCfg = Debug|Win32
		{9DCC1AA1-22F4-4028-A6AC-994638D6BE35}.Debug|x86.Build.0 = Debug|Win32
		{9DCC1AA1-22F4-4028-A6AC-994638D6BE35}.Release|x64.ActiveCfg = Release|x64
		{9DCC1AA1-22F4-4028-A6AC-994638D6BE35}.Release|x64.Build.0 = Release|x64
		{9DCC1AA1-22F4-4028-A6AC-994638D6BE35}.Release|x86.ActiveCfg = Release|Win32
		{9DCC1AA1-22F4-4028-A6AC-994638D6BE35}.Release|x86.Build.0 = Release|Win32
	EndGlobalSection
	GlobalSection(SolutionProperties) = preSolution
		HideSolutionNode = FALSE
	EndGlobalSection
	GlobalSection(ExtensibilityGlobals) = postSolution
		SolutionGuid = {D687FF67-2D33-4821-82C2-CC35070FCA35}
	EndGlobalSection
EndGlobal
